{
  "name": "psx-conv",
  "version": "1.0.0",
  "lockfileVersion": 3,
  "requires": true,
  "packages": {
    "": {
      "name": "psx-conv",
      "version": "1.0.0",
      "dependencies": {
        "commander": "^12.1.0",
        "png-js": "^1.0.0",
        "tmx-parser": "^1.5.0"
      }
    },
    "node_modules/commander": {
      "version": "12.1.0",
      "resolved": "https://registry.npmjs.org/commander/-/commander-12.1.0.tgz",
      "integrity": "sha512-Vw8qHK3bZM9y/P10u3Vib8o/DdkvA2OtPtZvD871QKjy74Wj1WSKFILMPRPSdUSx5RFK1arlJzEtA4PkFgnbuA==",
      "license": "MIT",
      "engines": {
        "node": ">=18"
      }
    },
    "node_modules/pend": {
      "version": "1.2.0",
      "resolved": "https://registry.npmjs.org/pend/-/pend-1.2.0.tgz",
      "integrity": "sha512-F3asv42UuXchdzt+xXqfW1OGlVBe+mxa2mqI0pg5yAHZPvFmY3Y6drSf/GQ1A86WgWEN9Kzh/WrgKa6iGcHXLg==",
      "license": "MIT"
    },
    "node_modules/png-js": {
      "version": "1.0.0",
      "resolved": "https://registry.npmjs.org/png-js/-/png-js-1.0.0.tgz",
      "integrity": "sha512-k+YsbhpA9e+EFfKjTCH3VW6aoKlyNYI6NYdTfDL4CIvFnvsuO84ttonmZE7rc+v23SLTH8XX+5w/Ak9v0xGY4g=="
    },
    "node_modules/sax": {
      "version": "1.1.6",
      "resolved": "https://registry.npmjs.org/sax/-/sax-1.1.6.tgz",
      "integrity": "sha512-8zci48uUQyfqynGDSkUMD7FCJB96hwLnlZOXlgs1l3TX+LW27t3psSWKUxC0fxVgA86i8tL4NwGcY1h/6t3ESg==",
      "license": "ISC"
    },
    "node_modules/tmx-parser": {
      "version": "1.5.0",
      "resolved": "https://registry.npmjs.org/tmx-parser/-/tmx-parser-1.5.0.tgz",
      "integrity": "sha512-vC9ZKfYgoWM3edAwyPiBdcDFQ05ySLXgaXOqkKEOYG+H2CxefoBfsr2ZLLxM0VxxAJps8K3hHOAaFB0QLQJnyw==",
      "license": "MIT",
      "dependencies": {
        "pend": "~1.2.0",
        "sax": "~1.1.2"
      }
    }
  }
}
